
Microsoft Visual Studio Solution File, Format Version 12.00
# Visual Studio 14
VisualStudioVersion = 14.0.25420.1
MinimumVisualStudioVersion = 10.0.40219.1
Project("{2150E333-8FDC-42A3-9474-1A3956D46DE8}") = "src", "src", "{3457B99F-5212-49C3-A600-6A9B15AA565A}"
EndProject
Project("{2150E333-8FDC-42A3-9474-1A3956D46DE8}") = "Solution Items", "Solution Items", "{3F8A3872-3FAF-441A-A5BA-EEFB6981D936}"
	ProjectSection(SolutionItems) = preProject
		global.json = global.json
	EndProjectSection
EndProject
Project("{8BB2217D-0F2D-49D1-97BC-3654ED321F3B}") = "Exemplo.Web", "src\Exemplo.Web\Exemplo.Web.xproj", "{25E743C3-490C-43CB-8BAD-6E5D7C8E2F7F}"
EndProject
Global
	GlobalSection(SolutionConfigurationPlatforms) = preSolution
		Debug|Any CPU = Debug|Any CPU
		Release|Any CPU = Release|Any CPU
	EndGlobalSection
	GlobalSection(ProjectConfigurationPlatforms) = postSolution
		{25E743C3-490C-43CB-8BAD-6E5D7C8E2F7F}.Debug|Any CPU.ActiveCfg = Debug|Any CPU
		{25E743C3-490C-43CB-8BAD-6E5D7C8E2F7F}.Debug|Any CPU.Build.0 = Debug|Any CPU
		{25E743C3-490C-43CB-8BAD-6E5D7C8E2F7F}.Release|Any CPU.ActiveCfg = Release|Any CPU
		{25E743C3-490C-43CB-8BAD-6E5D7C8E2F7F}.Release|Any CPU.Build.0 = Release|Any CPU
	EndGlobalSection
	GlobalSection(SolutionProperties) = preSolution
		HideSolutionNode = FALSE
	EndGlobalSection
	GlobalSection(NestedProjects) = preSolution
		{25E743C3-490C-43CB-8BAD-6E5D7C8E2F7F} = {3457B99F-5212-49C3-A600-6A9B15AA565A}
	EndGlobalSection
EndGlobal
